lockfileVersion: '9.0'

settings:
  autoInstallPeers: true
  excludeLinksFromLockfile: false

importers:

  .:
    dependencies:
      '@0xpolygonid/js-sdk':
        specifier: ^1.43.0
        version: 1.43.0(@iden3/js-crypto@1.3.2)(@iden3/js-iden3-core@1.8.0(@iden3/js-crypto@1.3.2))(@iden3/js-jsonld-merklization@1.7.2(@iden3/js-crypto@1.3.2)(@iden3/js-merkletree@1.5.1(@iden3/js-crypto@1.3.2)(idb-keyval@6.2.2))(web-streams-polyfill@3.3.3))(@iden3/js-jwz@1.12.2(@iden3/js-crypto@1.3.2)(@iden3/js-iden3-core@1.8.0(@iden3/js-crypto@1.3.2))(@iden3/js-merkletree@1.5.1(@iden3/js-crypto@1.3.2)(idb-keyval@6.2.2))(@noble/curves@1.9.2)(ffjavascript@0.3.1)(rfc4648@1.5.4)(snarkjs@0.7.5))(@iden3/js-merkletree@1.5.1(@iden3/js-crypto@1.3.2)(idb-keyval@6.2.2))(bufferutil@4.1.0)(ffjavascript@0.3.1)(rfc4648@1.5.4)(snarkjs@0.7.5)(typescript@6.0.2)(utf-8-validate@6.0.6)(web-streams-polyfill@3.3.3)
      '@iden3/js-iden3-core':
        specifier: ^1.8.0
        version: 1.8.0(@iden3/js-crypto@1.3.2)
      '@x402/core':
        specifier: ^2.8.0
        version: 2.9.0
      bs58:
        specifier: ^6.0.0
        version: 6.0.0
      tweetnacl:
        specifier: ^1.0.3
        version: 1.0.3
      viem:
        specifier: ^2.37.5
        version: 2.47.10(bufferutil@4.1.0)(typescript@6.0.2)(utf-8-validate@6.0.6)(zod@3.25.76)

packages:

  '@0xpolygonid/js-sdk@1.43.0':
    resolution: {integrity: sha512-Zsf92vtAtjPY4Fx0lJ0PZXr4AzhmZ0aqlPrKF283gyQJt3LIZLf9wdD9VaSI/rF7hlLi2mCuyj5zSOoNWlEbtQ==}
    engines: {node: '>=20.11.0'}
    peerDependencies:
      '@iden3/js-crypto': 1.3.2
      '@iden3/js-iden3-core': 1.8.0
      '@iden3/js-jsonld-merklization': 1.7.2
      '@iden3/js-jwz': 1.12.2
      '@iden3/js-merkletree': 1.5.1
      ffjavascript: 0.3.1
      rfc4648: 1.5.4
      snarkjs: 0.7.5

  '@adraffy/ens-normalize@1.10.1':
    resolution: {integrity: sha512-96Z2IP3mYmF1Xg2cDm8f1gWGf/HUVedQ3FMifV4kG/PQ4yEP51xDtRAEfhVNt5f/uzpNkZHwWQuUcu6D6K+Ekw==}

  '@adraffy/ens-normalize@1.11.1':
    resolution: {integrity: sha512-nhCBV3quEgesuf7c7KYfperqSS14T8bYuvJ8PcLJp6znkZpFc0AuW4qBtr8eKVyPPe/8RSr7sglCWPU5eaxwKQ==}

  '@babel/runtime@7.29.2':
    resolution: {integrity: sha512-JiDShH45zKHWyGe4ZNVRrCjBz8Nh9TMmZG1kh4QTK8hCBTWBi8Da+i7s1fJw7/lYpM4ccepSNfqzZ/QvABBi5g==}
    engines: {node: '>=6.9.0'}

  '@digitalbazaar/http-client@3.4.1':
    resolution: {integrity: sha512-Ahk1N+s7urkgj7WvvUND5f8GiWEPfUw0D41hdElaqLgu8wZScI8gdI0q+qWw5N1d35x7GCRH2uk9mi+Uzo9M3g==}
    engines: {node: '>=14.0'}

  '@fastify/busboy@2.1.1':
    resolution: {integrity: sha512-vBZP4NlzfOlerQTnba4aqZoMhE/a9HY7HRqoOPaETQcSQuWEIyZMHGfVu6w9wGtGK5fED5qRs2DteVCjOH60sA==}
    engines: {node: '>=14'}

  '@iden3/bigarray@0.0.2':
    resolution: {integrity: sha512-Xzdyxqm1bOFF6pdIsiHLLl3HkSLjbhqJHVyqaTxXt3RqXBEnmsUmEW47H7VOi/ak7TdkRpNkxjyK5Zbkm+y52g==}

  '@iden3/binfileutils@0.0.12':
    resolution: {integrity: sha512-naAmzuDufRIcoNfQ1d99d7hGHufLA3wZSibtr4dMe6ZeiOPV1KwOZWTJ1YVz4HbaWlpDuzVU72dS4ATQS4PXBQ==}

  '@iden3/js-crypto@1.3.2':
    resolution: {integrity: sha512-B1Fk8NLIhvEahFf02VKkmmXrw6Q+n+b3pbiFUYA9eesgoTZTSPtYtb+8A2jIKZrfdYKS5PlKJC8nNWmHUGk+6w==}

  '@iden3/js-iden3-core@1.8.0':
    resolution: {integrity: sha512-HoKRgVsCsq78r4EwFe98rdZKOgwEFXqV2SMwZ8bl2jIvUbabJQBTL1IYc7SGh0KvEpVisPq5NuwHJaSyvghqPQ==}
    peerDependencies:
      '@iden3/js-crypto': 1.3.2

  '@iden3/js-jsonld-merklization@1.7.2':
    resolution: {integrity: sha512-pXC2YO0yyD6YXgqZCivxmCxBFGs14sLS/AoQzjos8pNDrb3bYm3s+eMfz+4GwCKNpzzTFWSMHJNxzp/HUTEQZA==}
    peerDependencies:
      '@iden3/js-crypto': 1.3.2
      '@iden3/js-merkletree': 1.5.1

  '@iden3/js-jwz@1.12.2':
    resolution: {integrity: sha512-IfAJz84u1zLPJqEWGLahGFiKYCyeNY+3JpPft/3pVtgm10tYZIBobV4F+g/o2FdruoEgpFtFNUQ1o/7zsmwFEQ==}
    peerDependencies:
      '@iden3/js-crypto': 1.3.2
      '@iden3/js-iden3-core': 1.8.0
      '@iden3/js-merkletree': 1.5.1
      '@noble/curves': ^1.9.2
      ffjavascript: 0.3.1
      rfc4648: 1.5.4
      snarkjs: 0.7.5

  '@iden3/js-merkletree@1.5.1':
    resolution: {integrity: sha512-EABFNqnxXDvS7uZL5wAgHP4VzAnOo3STxADj2Ian/BYKNfWZjOe+WjsVizCU/7jJuafJDEZOeCLbZeIhHRzwLg==}
    peerDependencies:
      '@iden3/js-crypto': 1.3.2
      idb-keyval: 6.2.2

  '@iden3/onchain-non-merklized-issuer-base-abi@0.0.3':
    resolution: {integrity: sha512-4Mt5iP54KEzh0vbyhwKINx8bdZDyDJ6At92dPi3VKbKvk4dN24MlOQx5BfRakkZYJe7xlvMo/QaOjc/zRAlADg==}

  '@iden3/universal-verifier-v2-abi@2.0.2':
    resolution: {integrity: sha512-GJY1h9aPb4RrfjSjs3mThZfu7Puki5eM5OVIZaxuZKlzvqhSwS4WFm1r61FBSR45FUeshZTXts4KwZaE0JT4ug==}

  '@js-temporal/polyfill@0.5.1':
    resolution: {integrity: sha512-hloP58zRVCRSpgDxmqCWJNlizAlUgJFqG2ypq79DCvyv9tHjRYMDOcPFjzfl/A1/YxDvRCZz8wvZvmapQnKwFQ==}
    engines: {node: '>=12'}

  '@multiformats/base-x@4.0.1':
    resolution: {integrity: sha512-eMk0b9ReBbV23xXU693TAIrLyeO5iTgBZGSJfpqriG8UkYvr/hC9u9pyMlAakDNHWmbhMZCDs6KQO0jzKD8OTw==}

  '@noble/ciphers@1.3.0':
    resolution: {integrity: sha512-2I0gnIVPtfnMw9ee9h1dJG7tp81+8Ob3OJb3Mv37rx5L40/b0i7djjCVvGOVqc9AEIQyvyu1i6ypKdFw8R8gQw==}
    engines: {node: ^14.21.3 || >=16}

  '@noble/curves@1.2.0':
    resolution: {integrity: sha512-oYclrNgRaM9SsBUBVbb8M6DTV7ZHRTKugureoYEncY5c65HOmRzvSiTE3y5CYaPYJA/GVkrhXEoF0M3Ya9PMnw==}

  '@noble/curves@1.9.1':
    resolution: {integrity: sha512-k11yZxZg+t+gWvBbIswW0yoJlu8cHOC7dhunwOzoWH/mXGBiYyR4YY6hAEK/3EUs4UpB8la1RfdRpeGsFHkWsA==}
    engines: {node: ^14.21.3 || >=16}

  '@noble/curves@1.9.2':
    resolution: {integrity: sha512-HxngEd2XUcg9xi20JkwlLCtYwfoFw4JGkuZpT+WlsPD4gB/cxkvTD8fSsoAnphGZhFdZYKeQIPCuFlWPm1uE0g==}
    engines: {node: ^14.21.3 || >=16}

  '@noble/hashes@1.3.2':
    resolution: {integrity: sha512-MVC8EAQp7MvEcm30KWENFjgR+Mkmf+D189XJTkFIlwohU5hcBbn1ZkKq7KVTi2Hme3PMGF390DaL52beVrIihQ==}
    engines: {node: '>= 16'}

  '@noble/hashes@1.8.0':
    resolution: {integrity: sha512-jCs9ldd7NwzpgXDIf6P3+NrHh9/sD6CQdxHyjQI+h/6rDNo88ypBxxz45UDuZHz9r3tNz7N/VInSVoVdtXEI4A==}
    engines: {node: ^14.21.3 || >=16}

  '@noble/hashes@2.0.1':
    resolution: {integrity: sha512-XlOlEbQcE9fmuXxrVTXCTlG2nlRXa9Rj3rr5Ue/+tX+nmkgbX720YHh0VR3hBF9xDvwnb8D2shVGOwNx+ulArw==}
    engines: {node: '>= 20.19.0'}

  '@scure/base@1.2.6':
    resolution: {integrity: sha512-g/nm5FgUa//MCj1gV09zTJTaM6KBAHqLN907YVQqf7zC49+DcO4B1so4ZX07Ef10Twr6nuqYEH9GEggFXA4Fmg==}

  '@scure/base@2.0.0':
    resolution: {integrity: sha512-3E1kpuZginKkek01ovG8krQ0Z44E3DHPjc5S2rjJw9lZn3KSQOs8S7wqikF/AH7iRanHypj85uGyxk0XAyC37w==}

  '@scure/bip32@1.7.0':
    resolution: {integrity: sha512-E4FFX/N3f4B80AKWp5dP6ow+flD1LQZo/w8UnLGYZO674jS6YnYeepycOOksv+vLPSpgN35wgKgy+ybfTb2SMw==}

  '@scure/bip39@1.6.0':
    resolution: {integrity: sha512-+lF0BbLiJNwVlev4eKelw1WWLaiKXw7sSl8T6FvBlWkdX+94aGJ4o8XjUdlyhTCjd8c+B3KT3JfS8P0bLRNU6A==}

  '@solana/buffer-layout@4.0.1':
    resolution: {integrity: sha512-E1ImOIAD1tBZFRdjeM4/pzTiTApC0AOBGwyAMS4fwIodCWArzJ3DWdoh8cKxeFM2fElkxBh2Aqts1BPC373rHA==}
    engines: {node: '>=5.10'}

  '@solana/codecs-core@2.3.0':
    resolution: {integrity: sha512-oG+VZzN6YhBHIoSKgS5ESM9VIGzhWjEHEGNPSibiDTxFhsFWxNaz8LbMDPjBUE69r9wmdGLkrQ+wVPbnJcZPvw==}
    engines: {node: '>=20.18.0'}
    peerDependencies:
      typescript: '>=5.3.3'

  '@solana/codecs-numbers@2.3.0':
    resolution: {integrity: sha512-jFvvwKJKffvG7Iz9dmN51OGB7JBcy2CJ6Xf3NqD/VP90xak66m/Lg48T01u5IQ/hc15mChVHiBm+HHuOFDUrQg==}
    engines: {node: '>=20.18.0'}
    peerDependencies:
      typescript: '>=5.3.3'

  '@solana/errors@2.3.0':
    resolution: {integrity: sha512-66RI9MAbwYV0UtP7kGcTBVLxJgUxoZGm8Fbc0ah+lGiAw17Gugco6+9GrJCV83VyF2mDWyYnYM9qdI3yjgpnaQ==}
    engines: {node: '>=20.18.0'}
    hasBin: true
    peerDependencies:
      typescript: '>=5.3.3'

  '@solana/web3.js@1.98.4':
    resolution: {integrity: sha512-vv9lfnvjUsRiq//+j5pBdXig0IQdtzA0BRZ3bXEP4KaIyF1CcaydWqgyzQgfZMNIsWNWmG+AUHwPy4AHOD6gpw==}

  '@swc/helpers@0.5.21':
    resolution: {integrity: sha512-jI/VAmtdjB/RnI8GTnokyX7Ug8c+g+ffD6QRLa6XQewtnGyukKkKSk3wLTM3b5cjt1jNh9x0jfVlagdN2gDKQg==}

  '@types/connect@3.4.38':
    resolution: {integrity: sha512-K6uROf1LD88uDQqJCktA4yzL1YYAK6NgfsI0v/mTgyPKWsX1CnJ0XPSDhViejru1GcRkLWb8RlzFYJRqGUbaug==}

  '@types/node@12.20.55':
    resolution: {integrity: sha512-J8xLz7q2OFulZ2cyGTLE1TbbZcjpno7FaN6zdJNrgAdrJ+DZzh/uFR6YrTb4C+nXakvud8Q4+rbhoIWlYQbUFQ==}

  '@types/node@22.7.5':
    resolution: {integrity: sha512-jML7s2NAzMWc//QSJ1a3prpk78cOPchGvXJsC3C6R6PSMoooztvRVQEz89gmBTBY1SPMaqo5teB4uNHPdetShQ==}

  '@types/node@25.5.2':
    resolution: {integrity: sha512-tO4ZIRKNC+MDWV4qKVZe3Ql/woTnmHDr5JD8UI5hn2pwBrHEwOEMZK7WlNb5RKB6EoJ02gwmQS9OrjuFnZYdpg==}

  '@types/uuid@10.0.0':
    resolution: {integrity: sha512-7gqG38EyHgyP1S+7+xomFtL+ZNHcKv6DwNaCZmJmo1vgMugyF3TCnXVg4t1uk89mLNwnLtnY3TpOpCOyp1/xHQ==}

  '@types/ws@7.4.7':
    resolution: {integrity: sha512-JQbbmxZTZehdc2iszGKs5oC3NFnjeay7mtAWrdt7qNtAVK0g19muApzAy4bm9byz79xa2ZnO/BOBC2R8RC5Lww==}

  '@types/ws@8.18.1':
    resolution: {integrity: sha512-ThVF6DCVhA8kUGy+aazFQ4kXQ7E1Ty7A3ypFOe0IcJV8O/M511G99AW24irKrW56Wt44yG9+ij8FaqoBGkuBXg==}

  '@x402/core@2.9.0':
    resolution: {integrity: sha512-IqPITHYx6XHlgLPtparuKKwoB+3wQdgt0F+WUH1e3WHMeiWdp+xTtQDy+6yOKuObNFI1S1iVbQFz0GivR/Vv3w==}

  abitype@1.2.3:
    resolution: {integrity: sha512-Ofer5QUnuUdTFsBRwARMoWKOH1ND5ehwYhJ3OJ/BQO+StkwQjHw0XyVh4vDttzHB7QOFhPHa/o413PJ82gU/Tg==}
    peerDependencies:
      typescript: '>=5.0.4'
      zod: ^3.22.0 || ^4.0.0
    peerDependenciesMeta:
      typescript:
        optional: true
      zod:
        optional: true

  abort-controller@3.0.0:
    resolution: {integrity: sha512-h8lQ8tacZYnR3vNQTgibj+tODHI5/+l06Au2Pcriv/Gmet0eaj4TwWH41sO9wnHDiQsEj19q0drzdWdeAHtweg==}
    engines: {node: '>=6.5'}

  aes-js@4.0.0-beta.5:
    resolution: {integrity: sha512-G965FqalsNyrPqgEGON7nIx1e/OVENSgiEIzyC63haUMuvNnwIgIjMs52hlTCKhkBny7A2ORNlfY9Zu+jmGk1Q==}

  agentkeepalive@4.6.0:
    resolution: {integrity: sha512-kja8j7PjmncONqaTsB8fQ+wE2mSU2DJ9D4XKoJ5PFWIdRMa6SLSN1ff4mOr4jCbfRSsxR4keIiySJU0N9T5hIQ==}
    engines: {node: '>= 8.0.0'}

  ajv-formats@3.0.1:
    resolution: {integrity: sha512-8iUql50EUR+uUcdRQ3HDqa6EVyo3docL8g5WJ3FNcWmu62IbkGUue/pEyLBW8VGKKucTPgqeks4fIU1DA4yowQ==}
    peerDependencies:
      ajv: ^8.0.0
    peerDependenciesMeta:
      ajv:
        optional: true

  ajv@8.17.1:
    resolution: {integrity: sha512-B/gBuNg5SiMTrPkC+A2+cW0RszwxYmn6VYxB/inlBStS5nx6xHIt/ehKRhIMhqusl7a8LjQoZnjCs5vhwxOQ1g==}

  async@3.2.6:
    resolution: {integrity: sha512-htCUDlxyyCLMgaM3xXg0C0LW2xqfuQ6p05pCEIsXuyQ+a1koYKTuBMzRNwmybfLgvJDMd0r1LTn4+E0Ti6C2AA==}

  b4a@1.8.0:
    resolution: {integrity: sha512-qRuSmNSkGQaHwNbM7J78Wwy+ghLEYF1zNrSeMxj4Kgw6y33O3mXcQ6Ie9fRvfU/YnxWkOchPXbaLb73TkIsfdg==}
    peerDependencies:
      react-native-b4a: '*'
    peerDependenciesMeta:
      react-native-b4a:
        optional: true

  balanced-match@1.0.2:
    resolution: {integrity: sha512-3oSeUO0TMV67hN1AmbXsK4yaqU7tjiHlbxRDZOpH0KW9+CeX4bRAaX0Anxt0tx2MrpRpWwQaPwIlISEJhYU5Pw==}

  base-x@3.0.11:
    resolution: {integrity: sha512-xz7wQ8xDhdyP7tQxwdteLYeFfS68tSMNCZ/Y37WJ4bhGfKPpqEIlmIyueQHqOyoPhE6xNUqjzRr8ra0eF9VRvA==}

  base-x@5.0.1:
    resolution: {integrity: sha512-M7uio8Zt++eg3jPj+rHMfCC+IuygQHHCOU+IYsVtik6FWjuYpVt/+MRKcgsAMHh8mMFAwnB+Bs+mTrFiXjMzKg==}

  base64-js@1.5.1:
    resolution: {integrity: sha512-AKpaYlHn8t4SVbOHCy+b5+KKgvR4vrsD8vbvrbiQJps7fKDTkjkDry6ji0rUJjC0kzbNePLwzxq8iypo41qeWA==}

  bfj@7.1.0:
    resolution: {integrity: sha512-I6MMLkn+anzNdCUp9hMRyui1HaNEUCco50lxbvNS4+EyXg8lN3nJ48PjPWtbH8UVS9CuMoaKE9U2V3l29DaRQw==}
    engines: {node: '>= 8.0.0'}

  blake2b-wasm@2.4.0:
    resolution: {integrity: sha512-S1kwmW2ZhZFFFOghcx73+ZajEfKBqhP82JMssxtLVMxlaPea1p9uoLiUZ5WYyHn0KddwbLc+0vh4wR0KBNoT5w==}

  bluebird@3.7.2:
    resolution: {integrity: sha512-XpNj6GDQzdfW+r2Wnn7xiSAd7TM3jzkxGXBGTtWKuSXv1xUV+azxAm8jdWZN06QTQk+2N2XB9jRDkvbmQmcRtg==}

  bn.js@5.2.3:
    resolution: {integrity: sha512-EAcmnPkxpntVL+DS7bO1zhcZNvCkxqtkd0ZY53h06GNQ3DEkkGZ/gKgmDv6DdZQGj9BgfSPKtJJ7Dp1GPP8f7w==}

  borsh@0.7.0:
    resolution: {integrity: sha512-CLCsZGIBCFnPtkNnieW/a8wmreDmfUtjU2m9yHrzPXIlNbqVs0AQrSatSG6vdNYUqdc83tkQi2eHfF98ubzQLA==}

  brace-expansion@2.0.3:
    resolution: {integrity: sha512-MCV/fYJEbqx68aE58kv2cA/kiky1G8vux3OR6/jbS+jIMe/6fJWa0DTzJU7dqijOWYwHi1t29FlfYI9uytqlpA==}

  bs58@4.0.1:
    resolution: {integrity: sha512-Ok3Wdf5vOIlBrgCvTq96gBkJw+JUEzdBgyaza5HLtPm7yTHkjRy8+JzNyHF7BHa0bNWOQIp3m5YF0nnFcOIKLw==}

  bs58@6.0.0:
    resolution: {integrity: sha512-PD0wEnEYg6ijszw/u8s+iI3H17cTymlrwkKhDhPZq+Sokl3AU4htyBFTjAeNAlCCmg0f53g6ih3jATyCKftTfw==}

  buffer@6.0.3:
    resolution: {integrity: sha512-FTiCpNxtwiZZHEZbcbTIcZjERVICn9yq/pDFkTl95/AxzD1naBctN7YO68riM/gLSDY7sdrMby8hofADYuuqOA==}

  bufferutil@4.1.0:
    resolution: {integrity: sha512-ZMANVnAixE6AWWnPzlW2KpUrxhm9woycYvPOo67jWHyFowASTEd9s+QN1EIMsSDtwhIxN4sWE1jotpuDUIgyIw==}
    engines: {node: '>=6.14.2'}

  canonicalize@1.0.8:
    resolution: {integrity: sha512-0CNTVCLZggSh7bc5VkX5WWPWO+cyZbNd07IHIsSXLia/eAq+r836hgk+8BKoEh7949Mda87VUOitx5OddVj64A==}

  canonicalize@2.1.0:
    resolution: {integrity: sha512-F705O3xrsUtgt98j7leetNhTWPe+5S72rlL5O4jA1pKqBVQ/dT1O1D6PFxmSXvc0SUOinWS57DKx0I3CHrXJHQ==}
    hasBin: true

  chalk@5.6.2:
    resolution: {integrity: sha512-7NzBL0rN6fMUW+f7A6Io4h40qQlG+xGmtMxfbnH/K7TAtt8JQWVQK+6g0UXKMeVJoyV5EkkNsErQ8pVD3bLHbA==}
    engines: {node: ^12.17.0 || ^14.13 || >=16.0.0}

  check-types@11.2.3:
    resolution: {integrity: sha512-+67P1GkJRaxQD6PKK0Et9DhwQB+vGg3PM5+aavopCpZT1lj9jeqfvpgTLAWErNj8qApkkmXlu/Ug74kmhagkXg==}

  circom_runtime@0.1.28:
    resolution: {integrity: sha512-ACagpQ7zBRLKDl5xRZ4KpmYIcZDUjOiNRuxvXLqhnnlLSVY1Dbvh73TI853nqoR0oEbihtWmMSjgc5f+pXf/jQ==}
    hasBin: true

  commander@14.0.3:
    resolution: {integrity: sha512-H+y0Jo/T1RZ9qPP4Eh1pkcQcLRglraJaSLoyOtHxu6AapkjWVCy2Sit1QQ4x3Dng8qDlSsZEet7g5Pq06MvTgw==}
    engines: {node: '>=20'}

  commander@2.20.3:
    resolution: {integrity: sha512-GpVkmM8vF2vQUkj2LvZmD35JxeJOLCwJ9cUkugyk2nuhbv3+mJvpLYYt+0+USMxE+oj+ey/lJEnhZw75x/OMcQ==}

  data-uri-to-buffer@4.0.1:
    resolution: {integrity: sha512-0R9ikRb668HB7QDxT1vkpuUBtqc53YyAwMwGeUFKRojY/NWKvdZ+9UYtRfGmhqNbRkTSVpMbmyhXipFFv2cb/A==}
    engines: {node: '>= 12'}

  delay@5.0.0:
    resolution: {integrity: sha512-ReEBKkIfe4ya47wlPYf/gu5ib6yUG0/Aez0JQZQz94kiWtRQvZIQbTiehsnwHvLSWJnQdhVeqYue7Id1dKr0qw==}
    engines: {node: '>=10'}

  did-jwt@8.0.18:
    resolution: {integrity: sha512-yS3Y+aUKjYqRFrgR/RY77NuOOqS7SFfvfFH4THhWD6+hkxeUZcKQSsdNZ12QR1Vd48yP9exwae2wzbuOZn0NqQ==}

  did-resolver@4.1.0:
    resolution: {integrity: sha512-S6fWHvCXkZg2IhS4RcVHxwuyVejPR7c+a4Go0xbQ9ps5kILa8viiYQgrM4gfTyeTjJ0ekgJH9gk/BawTpmkbZA==}

  ejs@3.1.10:
    resolution: {integrity: sha512-UeJmFfOrAQS8OJWPZ4qtgHyWExa088/MtK5UEyoJGFH67cDEXkZSviOiKRCZ4Xij0zxI3JECgYs3oKx+AizQBA==}
    engines: {node: '>=0.10.0'}
    hasBin: true

  es6-promise@4.2.8:
    resolution: {integrity: sha512-HJDGx5daxeIvxdBxvG2cb9g4tEvwIk3i8+nhX0yGrYmZUzbkdg8QbDevheDB8gd0//uPj4c1EQua8Q+MViT0/w==}

  es6-promisify@5.0.0:
    resolution: {integrity: sha512-C+d6UdsYDk0lMebHNR4S2NybQMMngAOnOwYBQjTOiv0MkoJMP0Myw2mgpDLBcpfCmRLxyFqYhS/CfOENq4SJhQ==}

  escodegen@2.1.0:
    resolution: {integrity: sha512-2NlIDTwUWJN0mRPQOdtQBzbUHvdGY2P1VXSyU83Q3xKxM7WHX2Ql8dKq782Q9TgQUNOLEzEYu9bzLNj1q88I5w==}
    engines: {node: '>=6.0'}
    hasBin: true

  esprima@1.2.5:
    resolution: {integrity: sha512-S9VbPDU0adFErpDai3qDkjq8+G05ONtKzcyNrPKg/ZKa+tf879nX2KexNU95b31UoTJjRLInNBHHHjFPoCd7lQ==}
    engines: {node: '>=0.4.0'}
    hasBin: true

  esprima@4.0.1:
    resolution: {integrity: sha512-eGuFFw7Upda+g4p+QHvnW0RyTX/SVeJBDM/gCtMARO0cLuT2HcEKnTPvhjV6aGeqrCB/sbNop0Kszm0jsaWU4A==}
    engines: {node: '>=4'}
    hasBin: true

  estraverse@5.3.0:
    resolution: {integrity: sha512-MMdARuVEQziNTeJD8DgMqmhwR11BRQ/cBP+pLtYdSTnf3MIO8fFeiINEbX36ZdNlfU/7A9f3gUw49B3oQsvwBA==}
    engines: {node: '>=4.0'}

  esutils@2.0.3:
    resolution: {integrity: sha512-kVscqXk4OCp68SZ0dkgEKVi6/8ij300KBWTJq32P/dYeWTSwK41WyTxalN1eRmA5Z9UU/LX9D7FWSmV9SAYx6g==}
    engines: {node: '>=0.10.0'}

  ethers@6.15.0:
    resolution: {integrity: sha512-Kf/3ZW54L4UT0pZtsY/rf+EkBU7Qi5nnhonjUb8yTXcxH3cdcWrV2cRyk0Xk/4jK6OoHhxxZHriyhje20If2hQ==}
    engines: {node: '>=14.0.0'}

  event-target-shim@5.0.1:
    resolution: {integrity: sha512-i/2XbnSz/uxRCU6+NdVJgKWDTM427+MqYbkQzD321DuCQJUqOuJKIA0IM2+W2xtYHdKOmZ4dR6fExsd4SXL+WQ==}
    engines: {node: '>=6'}

  eventemitter3@5.0.1:
    resolution: {integrity: sha512-GWkBvjiSZK87ELrYOSESUYeVIc9mvLLf/nXalMOS5dYrgZq9o5OVkbZAVM06CVxYsCwH9BDZFPlQTlPA1j4ahA==}

  eventemitter3@5.0.4:
    resolution: {integrity: sha512-mlsTRyGaPBjPedk6Bvw+aqbsXDtoAyAzm5MO7JgU+yVRyMQ5O8bD4Kcci7BS85f93veegeCPkL8R4GLClnjLFw==}

  events@3.3.0:
    resolution: {integrity: sha512-mQw+2fkQbALzQ7V0MY0IqdnXNOeTtP4r0lN9z7AAawCXgqea7bDii20AYrIBrFd/Hx0M2Ocz6S111CaFkUcb0Q==}
    engines: {node: '>=0.8.x'}

  eyes@0.1.8:
    resolution: {integrity: sha512-GipyPsXO1anza0AOZdy69Im7hGFCNB7Y/NGjDlZGJ3GJJLtwNSb2vrzYrTYJRrRloVx7pl+bhUaTB8yiccPvFQ==}
    engines: {node: '> 0.1.90'}

  fast-deep-equal@3.1.3:
    resolution: {integrity: sha512-f3qQ9oQy9j2AhBe/H9VC91wLmKBCCU/gDOnKNAYG5hswO7BLKj09Hc5HYNz9cGI++xlpDCIgDaitVs03ATR84Q==}

  fast-stable-stringify@1.0.0:
    resolution: {integrity: sha512-wpYMUmFu5f00Sm0cj2pfivpmawLZ0NKdviQ4w9zJeR8JVtOpOxHmLaJuj0vxvGqMJQWyP/COUkF75/57OKyRag==}

  fast-uri@3.1.0:
    resolution: {integrity: sha512-iPeeDKJSWf4IEOasVVrknXpaBV0IApz/gp7S2bb7Z4Lljbl2MGJRqInZiUrQwV16cpzw/D3S5j5Julj/gT52AA==}

  fastfile@0.0.20:
    resolution: {integrity: sha512-r5ZDbgImvVWCP0lA/cGNgQcZqR+aYdFx3u+CtJqUE510pBUVGMn4ulL/iRTI4tACTYsNJ736uzFxEBXesPAktA==}

  fetch-blob@3.2.0:
    resolution: {integrity: sha512-7yAQpD2UMJzLi1Dqv7qFYnPbaPx7ZfFK6PiIxQ4PfkGPyNyl2Ugx+a/umUonmKqjhM4DnfbMvdX6otXq83soQQ==}
    engines: {node: ^12.20 || >= 14.13}

  ffjavascript@0.3.0:
    resolution: {integrity: sha512-l7sR5kmU3gRwDy8g0Z2tYBXy5ttmafRPFOqY7S6af5cq51JqJWt5eQ/lSR/rs2wQNbDYaYlQr5O+OSUf/oMLoQ==}

  ffjavascript@0.3.1:
    resolution: {integrity: sha512-4PbK1WYodQtuF47D4pRI5KUg3Q392vuP5WjE1THSnceHdXwU3ijaoS0OqxTzLknCtz4Z2TtABzkBdBdMn3B/Aw==}

  filelist@1.0.6:
    resolution: {integrity: sha512-5giy2PkLYY1cP39p17Ech+2xlpTRL9HLspOfEgm0L6CwBXBTgsK5ou0JtzYuepxkaQ/tvhCFIJ5uXo0OrM2DxA==}

  formdata-polyfill@4.0.10:
    resolution: {integrity: sha512-buewHzMvYL29jdeQTVILecSaZKnt/RJWjoZCF5OW60Z67/GmSLBkOFM7qh1PI3zFNtJbaZL5eQu1vLfazOwj4g==}
    engines: {node: '>=12.20.0'}

  hoopy@0.1.4:
    resolution: {integrity: sha512-HRcs+2mr52W0K+x8RzcLzuPPmVIKMSv97RGHy0Ea9y/mpcaK+xTrjICA04KAHi4GRzxliNqNJEFYWHghy3rSfQ==}
    engines: {node: '>= 6.0.0'}

  humanize-ms@1.2.1:
    resolution: {integrity: sha512-Fl70vYtsAFb/C06PTS9dZBo7ihau+Tu/DNCk/OyHhea07S+aeMWpFFkUaXRa8fI+ScZbEI8dfSxwY7gxZ9SAVQ==}

  idb-keyval@6.2.2:
    resolution: {integrity: sha512-yjD9nARJ/jb1g+CvD0tlhUHOrJ9Sy0P8T9MF3YaLlHnSRpwPfpTX0XIvpmw3gAJUmEu3FiICLBDPXVwyEvrleg==}

  ieee754@1.2.1:
    resolution: {integrity: sha512-dcyqhDvX1C46lXZcVqCpK+FtMRQVdIMN6/Df5js2zouUsqG7I6sFxitIC+7KYK29KdXOLHdu9zL4sFnoVQnqaA==}

  isomorphic-ws@4.0.1:
    resolution: {integrity: sha512-BhBvN2MBpWTaSHdWRb/bwdZJ1WaehQ2L1KngkCkfLUGF0mAWAT1sQUQacEmQ0jXkFw/czDXPNQSL5u2/Krsz1w==}
    peerDependencies:
      ws: '*'

  isows@1.0.7:
    resolution: {integrity: sha512-I1fSfDCZL5P0v33sVqeTDSpcstAg/N+wF5HS033mogOVIp4B+oHC7oOCsA3axAbBSGTJ8QubbNmnIRN/h8U7hg==}
    peerDependencies:
      ws: '*'

  jake@10.9.4:
    resolution: {integrity: sha512-wpHYzhxiVQL+IV05BLE2Xn34zW1S223hvjtqk0+gsPrwd/8JNLXJgZZM/iPFsYc1xyphF+6M6EvdE5E9MBGkDA==}
    engines: {node: '>=10'}
    hasBin: true

  jayson@4.3.0:
    resolution: {integrity: sha512-AauzHcUcqs8OBnCHOkJY280VaTiCm57AbuO7lqzcw7JapGj50BisE3xhksye4zlTSR1+1tAz67wLTl8tEH1obQ==}
    engines: {node: '>=8'}
    hasBin: true

  jose@6.2.2:
    resolution: {integrity: sha512-d7kPDd34KO/YnzaDOlikGpOurfF0ByC2sEV4cANCtdqLlTfBlw2p14O/5d/zv40gJPbIQxfES3nSx1/oYNyuZQ==}

  js-sha3@0.8.0:
    resolution: {integrity: sha512-gF1cRrHhIzNfToc802P800N8PpXS+evLLXfsVpowqmAFR9uwbi89WvXg2QspOmXL8QL86J4T1EpFu+yUkwJY3Q==}

  jsbi@4.3.2:
    resolution: {integrity: sha512-9fqMSQbhJykSeii05nxKl4m6Eqn2P6rOlYiS+C5Dr/HPIU/7yZxu5qzbs40tgaFORiw2Amd0mirjxatXYMkIew==}

  json-schema-traverse@1.0.0:
    resolution: {integrity: sha512-NM8/P9n3XjXhIZn1lLhkFaACTOURQXjWhV4BA/RnOv8xvgqtqpAX9IO4mRQxSx1Rlo4tqzeqb0sOlruaOy3dug==}

  json-stringify-safe@5.0.1:
    resolution: {integrity: sha512-ZClg6AaYvamvYEE82d3Iyd3vSSIjQ+odgjaTzRuO3s7toCdFKczob2i0zCh7JE8kWn17yvAWhUVxvqGwUalsRA==}

  jsonld@8.3.3:
    resolution: {integrity: sha512-9YcilrF+dLfg9NTEof/mJLMtbdX1RJ8dbWtJgE00cMOIohb1lIyJl710vFiTaiHTl6ZYODJuBd32xFvUhmv3kg==}
    engines: {node: '>=14'}

  jsonpath@1.3.0:
    resolution: {integrity: sha512-0kjkYHJBkAy50Z5QzArZ7udmvxrJzkpKYW27fiF//BrMY7TQibYLl+FYIXN2BiYmwMIVzSfD8aDRj6IzgBX2/w==}

  ky-universal@0.11.0:
    resolution: {integrity: sha512-65KyweaWvk+uKKkCrfAf+xqN2/epw1IJDtlyCPxYffFCMR8u1sp2U65NtWpnozYfZxQ6IUzIlvUcw+hQ82U2Xw==}
    engines: {node: '>=14.16'}
    peerDependencies:
      ky: '>=0.31.4'
      web-streams-polyfill: '>=3.2.1'
    peerDependenciesMeta:
      web-streams-polyfill:
        optional: true

  ky@0.33.3:
    resolution: {integrity: sha512-CasD9OCEQSFIam2U8efFK81Yeg8vNMTBUqtMOHlrcWQHqUX3HeCl9Dr31u4toV7emlH8Mymk5+9p0lL6mKb/Xw==}
    engines: {node: '>=14.16'}

  logplease@1.2.15:
    resolution: {integrity: sha512-jLlHnlsPSJjpwUfcNyUxXCl33AYg2cHhIf9QhGL2T4iPT0XPB+xP1LRKFPgIg1M/sg9kAJvy94w9CzBNrfnstA==}

  lru-cache@6.0.0:
    resolution: {integrity: sha512-Jo6dJ04CmSjuznwJSS3pUeWmd/H0ffTlkXXgwZi+eq1UCmqQwCh+eLsYOYCwY991i2Fah4h1BEMCx4qThGbsiA==}
    engines: {node: '>=10'}

  minimatch@5.1.9:
    resolution: {integrity: sha512-7o1wEA2RyMP7Iu7GNba9vc0RWWGACJOCZBJX2GJWip0ikV+wcOsgVuY9uE8CPiyQhkGFSlhuSkZPavN7u1c2Fw==}
    engines: {node: '>=10'}

  ms@2.1.3:
    resolution: {integrity: sha512-6FlzubTLZG3J2a/NVCAleEhjzq5oxgHyaCU9yYXvcLsvoVaHJq/s5xXI6/XXP6tz7R9xAOtHnSO/tXtF3WRTlA==}

  multibase@4.0.6:
    resolution: {integrity: sha512-x23pDe5+svdLz/k5JPGCVdfn7Q5mZVMBETiC+ORfO+sor9Sgs0smJzAjfTbM5tckeCqnaUuMYoz+k3RXMmJClQ==}
    engines: {node: '>=12.0.0', npm: '>=6.0.0'}
    deprecated: This module has been superseded by the multiformats module

  multiformats@9.9.0:
    resolution: {integrity: sha512-HoMUjhH9T8DDBNT+6xzkrd9ga/XiBI4xLr58LJACwK6G3HTOPeMz4nB4KJs33L2BelrIJa7P0VuNaVF3hMYfjg==}

  n3@1.26.0:
    resolution: {integrity: sha512-SQknS0ua90rN+3RHuk8BeIqeYyqIH/+ecViZxX08jR4j6MugqWRjtONl3uANG/crWXnOM2WIqBJtjIhVYFha+w==}
    engines: {node: '>=12.0'}

  nanoassert@2.0.0:
    resolution: {integrity: sha512-7vO7n28+aYO4J+8w96AzhmU8G+Y/xpPDJz/se19ICsqj/momRbb9mh9ZUtkoJ5X3nTnPdhEJyc0qnM6yAsHBaA==}

  node-domexception@1.0.0:
    resolution: {integrity: sha512-/jKZoMpw0F8GRwl4/eLROPA3cfcXtLApP0QzLmUT/HuPCZWyB7IY9ZrMeKw2O/nFIqPQB3PVM9aYm0F312AXDQ==}
    engines: {node: '>=10.5.0'}
    deprecated: Use your platform's native DOMException instead

  node-fetch@2.7.0:
    resolution: {integrity: sha512-c4FRfUm/dbcWZ7U+1Wq0AwCyFL+3nt2bEw05wfxSz+DWpWsitgmSgYmy2dQdWyKC1694ELPqMs/YzUSNozLt8A==}
    engines: {node: 4.x || >=6.0.0}
    peerDependencies:
      encoding: ^0.1.0
    peerDependenciesMeta:
      encoding:
        optional: true

  node-fetch@3.3.2:
    resolution: {integrity: sha512-dRB78srN/l6gqWulah9SrxeYnxeddIG30+GOqK/9OlLVyLg3HPnr6SqOWTWOXKRwC2eGYCkZ59NNuSgvSrpgOA==}
    engines: {node: ^12.20.0 || ^14.13.1 || >=16.0.0}

  node-gyp-build@4.8.4:
    resolution: {integrity: sha512-LA4ZjwlnUblHVgq0oBF3Jl/6h/Nvs5fzBLwdEF4nuxnFdsfajde4WfxtJr3CaiH+F6ewcIB/q4jQ4UzPyid+CQ==}
    hasBin: true

  ox@0.14.7:
    resolution: {integrity: sha512-zSQ/cfBdolj7U4++NAvH7sI+VG0T3pEohITCgcQj8KlawvTDY4vGVhDT64Atsm0d6adWfIYHDpu88iUBMMp+AQ==}
    peerDependencies:
      typescript: '>=5.4.0'
    peerDependenciesMeta:
      typescript:
        optional: true

  picocolors@1.1.1:
    resolution: {integrity: sha512-xceH2snhtb5M9liqDsmEw56le376mTZkEX/jEb/RxNFyegNul7eNslCXP9FDj/Lcu0X8KEyMceP2ntpaHrDEVA==}

  process@0.11.10:
    resolution: {integrity: sha512-cdGef/drWFoydD1JsMzuFf8100nZl+GT+yacc2bEced5f9Rjk4z+WtFUTBu9PhOi9j/jfmBPu0mMEY4wIdAF8A==}
    engines: {node: '>= 0.6.0'}

  pubsub-js@1.9.5:
    resolution: {integrity: sha512-5MZ0I9i5JWVO7SizvOviKvZU2qaBbl2KQX150FAA+fJBwYpwOUId7aNygURWSdPzlsA/xZ/InUKXqBbzM0czTA==}

  quick-lru@7.0.1:
    resolution: {integrity: sha512-kLjThirJMkWKutUKbZ8ViqFc09tDQhlbQo2MNuVeLWbRauqYP96Sm6nzlQ24F0HFjUNZ4i9+AgldJ9H6DZXi7g==}
    engines: {node: '>=18'}

  r1csfile@0.0.48:
    resolution: {integrity: sha512-kHRkKUJNaor31l05f2+RFzvcH5XSa7OfEfd/l4hzjte6NL6fjRkSMfZ4BjySW9wmfdwPOtq3mXurzPvPGEf5Tw==}

  rdf-canonize@3.4.0:
    resolution: {integrity: sha512-fUeWjrkOO0t1rg7B2fdyDTvngj+9RlUyL92vOdiB7c0FPguWVsniIMjEtHH+meLBO9rzkUlUzBVXgWrjI8P9LA==}
    engines: {node: '>=12'}

  readable-stream@4.7.0:
    resolution: {integrity: sha512-oIGGmcpTLwPga8Bn6/Z75SVaH1z5dUut2ibSyAMVhmUggWpmDn2dapB0n7f8nwaSiRtepAsfJyfXIO5DCVAODg==}
    engines: {node: ^12.22.0 || ^14.17.0 || >=16.0.0}

  require-from-string@2.0.2:
    resolution: {integrity: sha512-Xf0nWe6RseziFMu+Ap9biiUbmplq6S9/p+7w7YXP/JBHhrUDDUhwa+vANyubuqfZWTveU//DYVGsDG7RKL/vEw==}
    engines: {node: '>=0.10.0'}

  rfc4648@1.5.4:
    resolution: {integrity: sha512-rRg/6Lb+IGfJqO05HZkN50UtY7K/JhxJag1kP23+zyMfrvoB0B7RWv06MbOzoc79RgCdNTiUaNsTT1AJZ7Z+cg==}

  rpc-websockets@9.3.7:
    resolution: {integrity: sha512-dQal1U0yKH2umW0DgqSecP4G1jNxyPUGY60uUMB8bLoXabC2aWT3Cag9hOhZXsH/52QJEcggxNNWhF+Fp48ykw==}

  safe-buffer@5.2.1:
    resolution: {integrity: sha512-rp3So07KcdmmKbGvgaNxQSJr7bGVSVk5S9Eq1F+ppbRo70+YeaDxkw5Dd8NPN+GD6bjnYm2VuPuCXmpuYvmCXQ==}

  setimmediate@1.0.5:
    resolution: {integrity: sha512-MATJdZp8sLqDl/68LfQmbP8zKPLQNV6BIZoIgrscFDQ+RsvK/BxeDQOgyxKKoh0y/8h3BqVFnCqQ/gd+reiIXA==}

  snarkjs@0.7.5:
    resolution: {integrity: sha512-h+3c4rXZKLhLuHk4LHydZCk/h5GcNvk5GjVKRRkHmfb6Ntf8gHOA9zea3g656iclRuhqQ3iKDWFgiD9ypLrKiA==}
    hasBin: true

  source-map@0.6.1:
    resolution: {integrity: sha512-UjgapumWlbMhkBgzT7Ykc5YXUT46F0iKu8SGXq0bcwP5dz/h0Plj6enJqjz1Zbq2l5WaqYnrVbwWOWMyF3F47g==}
    engines: {node: '>=0.10.0'}

  static-eval@2.1.1:
    resolution: {integrity: sha512-MgWpQ/ZjGieSVB3eOJVs4OA2LT/q1vx98KPCTTQPzq/aLr0YUXTsgryTXr4SLfR0ZfUUCiedM9n/ABeDIyy4mA==}

  stream-chain@2.2.5:
    resolution: {integrity: sha512-1TJmBx6aSWqZ4tx7aTpBDXK0/e2hhcNSTV8+CbFJtDjbb+I1mZ8lHit0Grw9GRT+6JbIrrDd8esncgBi8aBXGA==}

  stream-json@1.9.1:
    resolution: {integrity: sha512-uWkjJ+2Nt/LO9Z/JyKZbMusL8Dkh97uUBTv3AJQ74y07lVahLY4eEFsPsE97pxYBwr8nnjMAIch5eqI0gPShyw==}

  string_decoder@1.3.0:
    resolution: {integrity: sha512-hkRX8U1WjJFd8LsDJ2yQ/wWWxaopEsABU1XfkM8A+j0+85JAGppt16cr1Whg6KIbb4okU6Mql6BOj+uup/wKeA==}

  superstruct@2.0.2:
    resolution: {integrity: sha512-uV+TFRZdXsqXTL2pRvujROjdZQ4RAlBUS5BTh9IGm+jTqQntYThciG/qu57Gs69yjnVUSqdxF9YLmSnpupBW9A==}
    engines: {node: '>=14.0.0'}

  text-encoding-utf-8@1.0.2:
    resolution: {integrity: sha512-8bw4MY9WjdsD2aMtO0OzOCY3pXGYNx2d2FfHRVUKkiCPDWjKuOlhLVASS+pD7VkLTVjW268LYJHwsnPFlBpbAg==}

  tr46@0.0.3:
    resolution: {integrity: sha512-N3WMsuqV66lT30CrXNbEjx4GEwlow3v6rr4mCcv6prnfwhS01rkgyFdjPNBYd9br7LpXV1+Emh01fHnq2Gdgrw==}

  tryer@1.0.1:
    resolution: {integrity: sha512-c3zayb8/kWWpycWYg87P71E1S1ZL6b6IJxfb5fvsUgsf0S2MVGaDhDXXjDMpdCpfWXqptc+4mXwmiy1ypXqRAA==}

  tslib@2.7.0:
    resolution: {integrity: sha512-gLXCKdN1/j47AiHiOkJN69hJmcbGTHI0ImLmbYLHykhgeN0jVGola9yVjFgzCUklsZQMW55o+dW7IXv3RCXDzA==}

  tslib@2.8.1:
    resolution: {integrity: sha512-oJFu94HQb+KVduSUQL7wnpmqnfmLsOA/nAh6b6EH0wCEoK0/mPeXU6c3wKDV83MkOuHPRHtSXKKU99IBazS/2w==}

  tweetnacl@1.0.3:
    resolution: {integrity: sha512-6rt+RN7aOi1nGMyC4Xa5DdYiukl2UWCbcJft7YhxReBGQD7OAM8Pbxw6YMo4r2diNEA8FEmu32YOn9rhaiE5yw==}

  typescript@6.0.2:
    resolution: {integrity: sha512-bGdAIrZ0wiGDo5l8c++HWtbaNCWTS4UTv7RaTH/ThVIgjkveJt83m74bBHMJkuCbslY8ixgLBVZJIOiQlQTjfQ==}
    engines: {node: '>=14.17'}
    hasBin: true

  uint8arrays@3.1.1:
    resolution: {integrity: sha512-+QJa8QRnbdXVpHYjLoTpJIdCTiw9Ir62nocClWuXIq2JIh4Uta0cQsTSpFL678p2CN8B+XSApwcU+pQEqVpKWg==}

  underscore@1.13.6:
    resolution: {integrity: sha512-+A5Sja4HP1M08MaXya7p5LvjuM7K6q/2EaC0+iovj/wOcMsTzMvDFbasi/oSapiwOlt252IqsKqPjCl7huKS0A==}

  undici-types@6.19.8:
    resolution: {integrity: sha512-ve2KP6f/JnbPBFyobGHuerC9g1FYGn/F8n1LWTwNxCEzd6IfqTwUQcNXgEtmmQ6DlRrC1hrSrBnCZPokRrDHjw==}

  undici-types@7.18.2:
    resolution: {integrity: sha512-AsuCzffGHJybSaRrmr5eHr81mwJU3kjw6M+uprWvCXiNeN9SOGwQ3Jn8jb8m3Z6izVgknn1R0FTCEAP2QrLY/w==}

  undici@5.29.0:
    resolution: {integrity: sha512-raqeBD6NQK4SkWhQzeYKd1KmIG6dllBOTt55Rmkt4HtI9mwdWtJljnrXjAFUBLTSN67HWrOIZ3EPF4kjUw80Bg==}
    engines: {node: '>=14.0'}

  utf-8-validate@6.0.6:
    resolution: {integrity: sha512-q3l3P9UtEEiAHcsgsqTgf9PPjctrDWoIXW3NpOHFdRDbLvu4DLIcxHangJ4RLrWkBcKjmcs/6NkerI8T/rE4LA==}
    engines: {node: '>=6.14.2'}

  uuid@11.1.0:
    resolution: {integrity: sha512-0/A9rDy9P7cJ+8w1c9WD9V//9Wj15Ce2MPz8Ri6032usz+NfePxx5AcN3bN+r6ZL6jEo066/yNYB3tn4pQEx+A==}
    hasBin: true

  uuid@13.0.0:
    resolution: {integrity: sha512-XQegIaBTVUjSHliKqcnFqYypAd4S+WCYt5NIeRs6w/UAry7z8Y9j5ZwRRL4kzq9U3sD6v+85er9FvkEaBpji2w==}
    hasBin: true

  uuid@8.3.2:
    resolution: {integrity: sha512-+NYs2QeMWy+GWFOEm9xnn6HCDp0l7QBD7ml8zLUmJ+93Q5NF0NocErnwkTkXVFNiX3/fpC6afS8Dhb/gz7R7eg==}
    hasBin: true

  viem@2.47.10:
    resolution: {integrity: sha512-D+l6SDDZWB5bh8u9hgICzMX2/egMrgEQ+Pef/QkZgmOl6bOTyCQMSgWAH8jZTWJ/218J9QNv7s/9BH6Wu5oPDg==}
    peerDependencies:
      typescript: '>=5.0.4'
    peerDependenciesMeta:
      typescript:
        optional: true

  wasmbuilder@0.0.16:
    resolution: {integrity: sha512-Qx3lEFqaVvp1cEYW7Bfi+ebRJrOiwz2Ieu7ZG2l7YyeSJIok/reEQCQCuicj/Y32ITIJuGIM9xZQppGx5LrQdA==}

  wasmcurves@0.2.2:
    resolution: {integrity: sha512-JRY908NkmKjFl4ytnTu5ED6AwPD+8VJ9oc94kdq7h5bIwbj0L4TDJ69mG+2aLs2SoCmGfqIesMWTEJjtYsoQXQ==}

  web-streams-polyfill@3.3.3:
    resolution: {integrity: sha512-d2JWLCivmZYTSIoge9MsgFCZrt571BikcWGYkjC1khllbTeDlGqZ2D8vD8E/lJa8WGWbb7Plm8/XJYV7IJHZZw==}
    engines: {node: '>= 8'}

  web-worker@1.2.0:
    resolution: {integrity: sha512-PgF341avzqyx60neE9DD+XS26MMNMoUQRz9NOZwW32nPQrF6p77f1htcnjBSEV8BGMKZ16choqUG4hyI0Hx7mA==}

  webidl-conversions@3.0.1:
    resolution: {integrity: sha512-2JAn3z8AR6rjK8Sm8orRC0h/bcl/DqL7tRPdGZ4I1CjdF+EaMLmYxBHyXuKL849eucPFhvBoxMsflfOb8kxaeQ==}

  whatwg-url@5.0.0:
    resolution: {integrity: sha512-saE57nupxk6v3HY35+jzBwYa0rKSy0XR8JSxZPwgLr7ys0IBzhGviA1/TUGJLmSVqs8pb9AnvICXEuOHLprYTw==}

  ws@7.5.10:
    resolution: {integrity: sha512-+dbF1tHwZpXcbOJdVOkzLDxZP1ailvSxM6ZweXTegylPny803bFhA+vqBYw4s31NSAk4S2Qz+AKXK9a4wkdjcQ==}
    engines: {node: '>=8.3.0'}
    peerDependencies:
      bufferutil: ^4.0.1
      utf-8-validate: ^5.0.2
    peerDependenciesMeta:
      bufferutil:
        optional: true
      utf-8-validate:
        optional: true

  ws@8.17.1:
    resolution: {integrity: sha512-6XQFvXTkbfUOZOKKILFG1PDK2NDQs4azKQl26T0YS5CxqWLgXajbPZ+h4gZekJyRqFU8pvnbAbbs/3TgRPy+GQ==}
    engines: {node: '>=10.0.0'}
    peerDependencies:
      bufferutil: ^4.0.1
      utf-8-validate: '>=5.0.2'
    peerDependenciesMeta:
      bufferutil:
        optional: true
      utf-8-validate:
        optional: true

  ws@8.18.3:
    resolution: {integrity: sha512-PEIGCY5tSlUt50cqyMXfCzX+oOPqN0vuGqWzbcJ2xvnkzkq46oOpz7dQaTDBdfICb4N14+GARUDw2XV2N4tvzg==}
    engines: {node: '>=10.0.0'}
    peerDependencies:
      bufferutil: ^4.0.1
      utf-8-validate: '>=5.0.2'
    peerDependenciesMeta:
      bufferutil:
        optional: true
      utf-8-validate:
        optional: true

  ws@8.20.0:
    resolution: {integrity: sha512-sAt8BhgNbzCtgGbt2OxmpuryO63ZoDk/sqaB/znQm94T4fCEsy/yV+7CdC1kJhOU9lboAEU7R3kquuycDoibVA==}
    engines: {node: '>=10.0.0'}
    peerDependencies:
      bufferutil: ^4.0.1
      utf-8-validate: '>=5.0.2'
    peerDependenciesMeta:
      bufferutil:
        optional: true
      utf-8-validate:
        optional: true

  yallist@4.0.0:
    resolution: {integrity: sha512-3wdGidZyq5PB084XLES5TpOSRA3wjXAlIWMhum2kRcv/41Sn2emQ0dycQW4uZXLejwKvg6EsvbdlVL+FYEct7A==}

  zod@3.25.76:
    resolution: {integrity: sha512-gzUt/qt81nXsFGKIFcC3YnfEAx5NkunCfnDlvuBSSFS02bcXu4Lmea0AFIUwbLWxWPx3d9p8S5QoaujKcNQxcQ==}

snapshots:

  '@0xpolygonid/js-sdk@1.43.0(@iden3/js-crypto@1.3.2)(@iden3/js-iden3-core@1.8.0(@iden3/js-crypto@1.3.2))(@iden3/js-jsonld-merklization@1.7.2(@iden3/js-crypto@1.3.2)(@iden3/js-merkletree@1.5.1(@iden3/js-crypto@1.3.2)(idb-keyval@6.2.2))(web-streams-polyfill@3.3.3))(@iden3/js-jwz@1.12.2(@iden3/js-crypto@1.3.2)(@iden3/js-iden3-core@1.8.0(@iden3/js-crypto@1.3.2))(@iden3/js-merkletree@1.5.1(@iden3/js-crypto@1.3.2)(idb-keyval@6.2.2))(@noble/curves@1.9.2)(ffjavascript@0.3.1)(rfc4648@1.5.4)(snarkjs@0.7.5))(@iden3/js-merkletree@1.5.1(@iden3/js-crypto@1.3.2)(idb-keyval@6.2.2))(bufferutil@4.1.0)(ffjavascript@0.3.1)(rfc4648@1.5.4)(snarkjs@0.7.5)(typescript@6.0.2)(utf-8-validate@6.0.6)(web-streams-polyfill@3.3.3)':
    dependencies:
      '@iden3/js-crypto': 1.3.2
      '@iden3/js-iden3-core': 1.8.0(@iden3/js-crypto@1.3.2)
      '@iden3/js-jsonld-merklization': 1.7.2(@iden3/js-crypto@1.3.2)(@iden3/js-merkletree@1.5.1(@iden3/js-crypto@1.3.2)(idb-keyval@6.2.2))(web-streams-polyfill@3.3.3)
      '@iden3/js-jwz': 1.12.2(@iden3/js-crypto@1.3.2)(@iden3/js-iden3-core@1.8.0(@iden3/js-crypto@1.3.2))(@iden3/js-merkletree@1.5.1(@iden3/js-crypto@1.3.2)(idb-keyval@6.2.2))(@noble/curves@1.9.2)(ffjavascript@0.3.1)(rfc4648@1.5.4)(snarkjs@0.7.5)
      '@iden3/js-merkletree': 1.5.1(@iden3/js-crypto@1.3.2)(idb-keyval@6.2.2)
      '@iden3/onchain-non-merklized-issuer-base-abi': 0.0.3
      '@iden3/universal-verifier-v2-abi': 2.0.2
      '@noble/curves': 1.9.2
      '@solana/web3.js': 1.98.4(bufferutil@4.1.0)(typescript@6.0.2)(utf-8-validate@6.0.6)
      ajv: 8.17.1
      ajv-formats: 3.0.1(ajv@8.17.1)
      borsh: 0.7.0
      canonicalize: 2.1.0
      did-jwt: 8.0.18
      did-resolver: 4.1.0
      ethers: 6.15.0(bufferutil@4.1.0)(utf-8-validate@6.0.6)
      ffjavascript: 0.3.1
      idb-keyval: 6.2.2
      jose: 6.2.2
      jsonld: 8.3.3(web-streams-polyfill@3.3.3)
      pubsub-js: 1.9.5
      quick-lru: 7.0.1
      rfc4648: 1.5.4
      snarkjs: 0.7.5
      uuid: 13.0.0
    transitivePeerDependencies:
      - bufferutil
      - encoding
      - typescript
      - utf-8-validate
      - web-streams-polyfill

  '@adraffy/ens-normalize@1.10.1': {}

  '@adraffy/ens-normalize@1.11.1': {}

  '@babel/runtime@7.29.2': {}

  '@digitalbazaar/http-client@3.4.1(web-streams-polyfill@3.3.3)':
    dependencies:
      ky: 0.33.3
      ky-universal: 0.11.0(ky@0.33.3)(web-streams-polyfill@3.3.3)
      undici: 5.29.0
    transitivePeerDependencies:
      - web-streams-polyfill

  '@fastify/busboy@2.1.1': {}

  '@iden3/bigarray@0.0.2': {}

  '@iden3/binfileutils@0.0.12':
    dependencies:
      fastfile: 0.0.20
      ffjavascript: 0.3.1

  '@iden3/js-crypto@1.3.2':
    dependencies:
      '@noble/hashes': 2.0.1

  '@iden3/js-iden3-core@1.8.0(@iden3/js-crypto@1.3.2)':
    dependencies:
      '@iden3/js-crypto': 1.3.2

  '@iden3/js-jsonld-merklization@1.7.2(@iden3/js-crypto@1.3.2)(@iden3/js-merkletree@1.5.1(@iden3/js-crypto@1.3.2)(idb-keyval@6.2.2))(web-streams-polyfill@3.3.3)':
    dependencies:
      '@iden3/js-crypto': 1.3.2
      '@iden3/js-merkletree': 1.5.1(@iden3/js-crypto@1.3.2)(idb-keyval@6.2.2)
      '@js-temporal/polyfill': 0.5.1
      jsonld: 8.3.3(web-streams-polyfill@3.3.3)
      n3: 1.26.0
    transitivePeerDependencies:
      - web-streams-polyfill

  '@iden3/js-jwz@1.12.2(@iden3/js-crypto@1.3.2)(@iden3/js-iden3-core@1.8.0(@iden3/js-crypto@1.3.2))(@iden3/js-merkletree@1.5.1(@iden3/js-crypto@1.3.2)(idb-keyval@6.2.2))(@noble/curves@1.9.2)(ffjavascript@0.3.1)(rfc4648@1.5.4)(snarkjs@0.7.5)':
    dependencies:
      '@iden3/js-crypto': 1.3.2
      '@iden3/js-iden3-core': 1.8.0(@iden3/js-crypto@1.3.2)
      '@iden3/js-merkletree': 1.5.1(@iden3/js-crypto@1.3.2)(idb-keyval@6.2.2)
      '@noble/curves': 1.9.2
      ffjavascript: 0.3.1
      rfc4648: 1.5.4
      snarkjs: 0.7.5

  '@iden3/js-merkletree@1.5.1(@iden3/js-crypto@1.3.2)(idb-keyval@6.2.2)':
    dependencies:
      '@iden3/js-crypto': 1.3.2
      idb-keyval: 6.2.2

  '@iden3/onchain-non-merklized-issuer-base-abi@0.0.3': {}

  '@iden3/universal-verifier-v2-abi@2.0.2': {}

  '@js-temporal/polyfill@0.5.1':
    dependencies:
      jsbi: 4.3.2

  '@multiformats/base-x@4.0.1': {}

  '@noble/ciphers@1.3.0': {}

  '@noble/curves@1.2.0':
    dependencies:
      '@noble/hashes': 1.3.2

  '@noble/curves@1.9.1':
    dependencies:
      '@noble/hashes': 1.8.0

  '@noble/curves@1.9.2':
    dependencies:
      '@noble/hashes': 1.8.0

  '@noble/hashes@1.3.2': {}

  '@noble/hashes@1.8.0': {}

  '@noble/hashes@2.0.1': {}

  '@scure/base@1.2.6': {}

  '@scure/base@2.0.0': {}

  '@scure/bip32@1.7.0':
    dependencies:
      '@noble/curves': 1.9.1
      '@noble/hashes': 1.8.0
      '@scure/base': 1.2.6

  '@scure/bip39@1.6.0':
    dependencies:
      '@noble/hashes': 1.8.0
      '@scure/base': 1.2.6

  '@solana/buffer-layout@4.0.1':
    dependencies:
      buffer: 6.0.3

  '@solana/codecs-core@2.3.0(typescript@6.0.2)':
    dependencies:
      '@solana/errors': 2.3.0(typescript@6.0.2)
      typescript: 6.0.2

  '@solana/codecs-numbers@2.3.0(typescript@6.0.2)':
    dependencies:
      '@solana/codecs-core': 2.3.0(typescript@6.0.2)
      '@solana/errors': 2.3.0(typescript@6.0.2)
      typescript: 6.0.2

  '@solana/errors@2.3.0(typescript@6.0.2)':
    dependencies:
      chalk: 5.6.2
      commander: 14.0.3
      typescript: 6.0.2

  '@solana/web3.js@1.98.4(bufferutil@4.1.0)(typescript@6.0.2)(utf-8-validate@6.0.6)':
    dependencies:
      '@babel/runtime': 7.29.2
      '@noble/curves': 1.9.2
      '@noble/hashes': 1.8.0
      '@solana/buffer-layout': 4.0.1
      '@solana/codecs-numbers': 2.3.0(typescript@6.0.2)
      agentkeepalive: 4.6.0
      bn.js: 5.2.3
      borsh: 0.7.0
      bs58: 4.0.1
      buffer: 6.0.3
      fast-stable-stringify: 1.0.0
      jayson: 4.3.0(bufferutil@4.1.0)(utf-8-validate@6.0.6)
      node-fetch: 2.7.0
      rpc-websockets: 9.3.7
      superstruct: 2.0.2
    transitivePeerDependencies:
      - bufferutil
      - encoding
      - typescript
      - utf-8-validate

  '@swc/helpers@0.5.21':
    dependencies:
      tslib: 2.8.1

  '@types/connect@3.4.38':
    dependencies:
      '@types/node': 12.20.55

  '@types/node@12.20.55': {}

  '@types/node@22.7.5':
    dependencies:
      undici-types: 6.19.8

  '@types/node@25.5.2':
    dependencies:
      undici-types: 7.18.2

  '@types/uuid@10.0.0': {}

  '@types/ws@7.4.7':
    dependencies:
      '@types/node': 12.20.55

  '@types/ws@8.18.1':
    dependencies:
      '@types/node': 25.5.2

  '@x402/core@2.9.0':
    dependencies:
      zod: 3.25.76

  abitype@1.2.3(typescript@6.0.2)(zod@3.25.76):
    optionalDependencies:
      typescript: 6.0.2
      zod: 3.25.76

  abort-controller@3.0.0:
    dependencies:
      event-target-shim: 5.0.1

  aes-js@4.0.0-beta.5: {}

  agentkeepalive@4.6.0:
    dependencies:
      humanize-ms: 1.2.1

  ajv-formats@3.0.1(ajv@8.17.1):
    optionalDependencies:
      ajv: 8.17.1

  ajv@8.17.1:
    dependencies:
      fast-deep-equal: 3.1.3
      fast-uri: 3.1.0
      json-schema-traverse: 1.0.0
      require-from-string: 2.0.2

  async@3.2.6: {}

  b4a@1.8.0: {}

  balanced-match@1.0.2: {}

  base-x@3.0.11:
    dependencies:
      safe-buffer: 5.2.1

  base-x@5.0.1: {}

  base64-js@1.5.1: {}

  bfj@7.1.0:
    dependencies:
      bluebird: 3.7.2
      check-types: 11.2.3
      hoopy: 0.1.4
      jsonpath: 1.3.0
      tryer: 1.0.1

  blake2b-wasm@2.4.0:
    dependencies:
      b4a: 1.8.0
      nanoassert: 2.0.0
    transitivePeerDependencies:
      - react-native-b4a

  bluebird@3.7.2: {}

  bn.js@5.2.3: {}

  borsh@0.7.0:
    dependencies:
      bn.js: 5.2.3
      bs58: 4.0.1
      text-encoding-utf-8: 1.0.2

  brace-expansion@2.0.3:
    dependencies:
      balanced-match: 1.0.2

  bs58@4.0.1:
    dependencies:
      base-x: 3.0.11

  bs58@6.0.0:
    dependencies:
      base-x: 5.0.1

  buffer@6.0.3:
    dependencies:
      base64-js: 1.5.1
      ieee754: 1.2.1

  bufferutil@4.1.0:
    dependencies:
      node-gyp-build: 4.8.4
    optional: true

  canonicalize@1.0.8: {}

  canonicalize@2.1.0: {}

  chalk@5.6.2: {}

  check-types@11.2.3: {}

  circom_runtime@0.1.28:
    dependencies:
      ffjavascript: 0.3.1

  commander@14.0.3: {}

  commander@2.20.3: {}

  data-uri-to-buffer@4.0.1: {}

  delay@5.0.0: {}

  did-jwt@8.0.18:
    dependencies:
      '@noble/ciphers': 1.3.0
      '@noble/curves': 1.9.2
      '@noble/hashes': 1.8.0
      '@scure/base': 2.0.0
      canonicalize: 2.1.0
      did-resolver: 4.1.0
      multibase: 4.0.6
      multiformats: 9.9.0
      uint8arrays: 3.1.1

  did-resolver@4.1.0: {}

  ejs@3.1.10:
    dependencies:
      jake: 10.9.4

  es6-promise@4.2.8: {}

  es6-promisify@5.0.0:
    dependencies:
      es6-promise: 4.2.8

  escodegen@2.1.0:
    dependencies:
      esprima: 4.0.1
      estraverse: 5.3.0
      esutils: 2.0.3
    optionalDependencies:
      source-map: 0.6.1

  esprima@1.2.5: {}

  esprima@4.0.1: {}

  estraverse@5.3.0: {}

  esutils@2.0.3: {}

  ethers@6.15.0(bufferutil@4.1.0)(utf-8-validate@6.0.6):
    dependencies:
      '@adraffy/ens-normalize': 1.10.1
      '@noble/curves': 1.2.0
      '@noble/hashes': 1.3.2
      '@types/node': 22.7.5
      aes-js: 4.0.0-beta.5
      tslib: 2.7.0
      ws: 8.17.1(bufferutil@4.1.0)(utf-8-validate@6.0.6)
    transitivePeerDependencies:
      - bufferutil
      - utf-8-validate

  event-target-shim@5.0.1: {}

  eventemitter3@5.0.1: {}

  eventemitter3@5.0.4: {}

  events@3.3.0: {}

  eyes@0.1.8: {}

  fast-deep-equal@3.1.3: {}

  fast-stable-stringify@1.0.0: {}

  fast-uri@3.1.0: {}

  fastfile@0.0.20: {}

  fetch-blob@3.2.0:
    dependencies:
      node-domexception: 1.0.0
      web-streams-polyfill: 3.3.3

  ffjavascript@0.3.0:
    dependencies:
      wasmbuilder: 0.0.16
      wasmcurves: 0.2.2
      web-worker: 1.2.0

  ffjavascript@0.3.1:
    dependencies:
      wasmbuilder: 0.0.16
      wasmcurves: 0.2.2
      web-worker: 1.2.0

  filelist@1.0.6:
    dependencies:
      minimatch: 5.1.9

  formdata-polyfill@4.0.10:
    dependencies:
      fetch-blob: 3.2.0

  hoopy@0.1.4: {}

  humanize-ms@1.2.1:
    dependencies:
      ms: 2.1.3

  idb-keyval@6.2.2: {}

  ieee754@1.2.1: {}

  isomorphic-ws@4.0.1(ws@7.5.10(bufferutil@4.1.0)(utf-8-validate@6.0.6)):
    dependencies:
      ws: 7.5.10(bufferutil@4.1.0)(utf-8-validate@6.0.6)

  isows@1.0.7(ws@8.18.3(bufferutil@4.1.0)(utf-8-validate@6.0.6)):
    dependencies:
      ws: 8.18.3(bufferutil@4.1.0)(utf-8-validate@6.0.6)

  jake@10.9.4:
    dependencies:
      async: 3.2.6
      filelist: 1.0.6
      picocolors: 1.1.1

  jayson@4.3.0(bufferutil@4.1.0)(utf-8-validate@6.0.6):
    dependencies:
      '@types/connect': 3.4.38
      '@types/node': 12.20.55
      '@types/ws': 7.4.7
      commander: 2.20.3
      delay: 5.0.0
      es6-promisify: 5.0.0
      eyes: 0.1.8
      isomorphic-ws: 4.0.1(ws@7.5.10(bufferutil@4.1.0)(utf-8-validate@6.0.6))
      json-stringify-safe: 5.0.1
      stream-json: 1.9.1
      uuid: 8.3.2
      ws: 7.5.10(bufferutil@4.1.0)(utf-8-validate@6.0.6)
    transitivePeerDependencies:
      - bufferutil
      - utf-8-validate

  jose@6.2.2: {}

  js-sha3@0.8.0: {}

  jsbi@4.3.2: {}

  json-schema-traverse@1.0.0: {}

  json-stringify-safe@5.0.1: {}

  jsonld@8.3.3(web-streams-polyfill@3.3.3):
    dependencies:
      '@digitalbazaar/http-client': 3.4.1(web-streams-polyfill@3.3.3)
      canonicalize: 1.0.8
      lru-cache: 6.0.0
      rdf-canonize: 3.4.0
    transitivePeerDependencies:
      - web-streams-polyfill

  jsonpath@1.3.0:
    dependencies:
      esprima: 1.2.5
      static-eval: 2.1.1
      underscore: 1.13.6

  ky-universal@0.11.0(ky@0.33.3)(web-streams-polyfill@3.3.3):
    dependencies:
      abort-controller: 3.0.0
      ky: 0.33.3
      node-fetch: 3.3.2
    optionalDependencies:
      web-streams-polyfill: 3.3.3

  ky@0.33.3: {}

  logplease@1.2.15: {}

  lru-cache@6.0.0:
    dependencies:
      yallist: 4.0.0

  minimatch@5.1.9:
    dependencies:
      brace-expansion: 2.0.3

  ms@2.1.3: {}

  multibase@4.0.6:
    dependencies:
      '@multiformats/base-x': 4.0.1

  multiformats@9.9.0: {}

  n3@1.26.0:
    dependencies:
      buffer: 6.0.3
      readable-stream: 4.7.0

  nanoassert@2.0.0: {}

  node-domexception@1.0.0: {}

  node-fetch@2.7.0:
    dependencies:
      whatwg-url: 5.0.0

  node-fetch@3.3.2:
    dependencies:
      data-uri-to-buffer: 4.0.1
      fetch-blob: 3.2.0
      formdata-polyfill: 4.0.10

  node-gyp-build@4.8.4:
    optional: true

  ox@0.14.7(typescript@6.0.2)(zod@3.25.76):
    dependencies:
      '@adraffy/ens-normalize': 1.11.1
      '@noble/ciphers': 1.3.0
      '@noble/curves': 1.9.1
      '@noble/hashes': 1.8.0
      '@scure/bip32': 1.7.0
      '@scure/bip39': 1.6.0
      abitype: 1.2.3(typescript@6.0.2)(zod@3.25.76)
      eventemitter3: 5.0.1
    optionalDependencies:
      typescript: 6.0.2
    transitivePeerDependencies:
      - zod

  picocolors@1.1.1: {}

  process@0.11.10: {}

  pubsub-js@1.9.5: {}

  quick-lru@7.0.1: {}

  r1csfile@0.0.48:
    dependencies:
      '@iden3/bigarray': 0.0.2
      '@iden3/binfileutils': 0.0.12
      fastfile: 0.0.20
      ffjavascript: 0.3.0

  rdf-canonize@3.4.0:
    dependencies:
      setimmediate: 1.0.5

  readable-stream@4.7.0:
    dependencies:
      abort-controller: 3.0.0
      buffer: 6.0.3
      events: 3.3.0
      process: 0.11.10
      string_decoder: 1.3.0

  require-from-string@2.0.2: {}

  rfc4648@1.5.4: {}

  rpc-websockets@9.3.7:
    dependencies:
      '@swc/helpers': 0.5.21
      '@types/uuid': 10.0.0
      '@types/ws': 8.18.1
      buffer: 6.0.3
      eventemitter3: 5.0.4
      uuid: 11.1.0
      ws: 8.20.0(bufferutil@4.1.0)(utf-8-validate@6.0.6)
    optionalDependencies:
      bufferutil: 4.1.0
      utf-8-validate: 6.0.6

  safe-buffer@5.2.1: {}

  setimmediate@1.0.5: {}

  snarkjs@0.7.5:
    dependencies:
      '@iden3/binfileutils': 0.0.12
      bfj: 7.1.0
      blake2b-wasm: 2.4.0
      circom_runtime: 0.1.28
      ejs: 3.1.10
      fastfile: 0.0.20
      ffjavascript: 0.3.1
      js-sha3: 0.8.0
      logplease: 1.2.15
      r1csfile: 0.0.48
    transitivePeerDependencies:
      - react-native-b4a

  source-map@0.6.1:
    optional: true

  static-eval@2.1.1:
    dependencies:
      escodegen: 2.1.0

  stream-chain@2.2.5: {}

  stream-json@1.9.1:
    dependencies:
      stream-chain: 2.2.5

  string_decoder@1.3.0:
    dependencies:
      safe-buffer: 5.2.1

  superstruct@2.0.2: {}

  text-encoding-utf-8@1.0.2: {}

  tr46@0.0.3: {}

  tryer@1.0.1: {}

  tslib@2.7.0: {}

  tslib@2.8.1: {}

  tweetnacl@1.0.3: {}

  typescript@6.0.2: {}

  uint8arrays@3.1.1:
    dependencies:
      multiformats: 9.9.0

  underscore@1.13.6: {}

  undici-types@6.19.8: {}

  undici-types@7.18.2: {}

  undici@5.29.0:
    dependencies:
      '@fastify/busboy': 2.1.1

  utf-8-validate@6.0.6:
    dependencies:
      node-gyp-build: 4.8.4
    optional: true

  uuid@11.1.0: {}

  uuid@13.0.0: {}

  uuid@8.3.2: {}

  viem@2.47.10(bufferutil@4.1.0)(typescript@6.0.2)(utf-8-validate@6.0.6)(zod@3.25.76):
    dependencies:
      '@noble/curves': 1.9.1
      '@noble/hashes': 1.8.0
      '@scure/bip32': 1.7.0
      '@scure/bip39': 1.6.0
      abitype: 1.2.3(typescript@6.0.2)(zod@3.25.76)
      isows: 1.0.7(ws@8.18.3(bufferutil@4.1.0)(utf-8-validate@6.0.6))
      ox: 0.14.7(typescript@6.0.2)(zod@3.25.76)
      ws: 8.18.3(bufferutil@4.1.0)(utf-8-validate@6.0.6)
    optionalDependencies:
      typescript: 6.0.2
    transitivePeerDependencies:
      - bufferutil
      - utf-8-validate
      - zod

  wasmbuilder@0.0.16: {}

  wasmcurves@0.2.2:
    dependencies:
      wasmbuilder: 0.0.16

  web-streams-polyfill@3.3.3: {}

  web-worker@1.2.0: {}

  webidl-conversions@3.0.1: {}

  whatwg-url@5.0.0:
    dependencies:
      tr46: 0.0.3
      webidl-conversions: 3.0.1

  ws@7.5.10(bufferutil@4.1.0)(utf-8-validate@6.0.6):
    optionalDependencies:
      bufferutil: 4.1.0
      utf-8-validate: 6.0.6

  ws@8.17.1(bufferutil@4.1.0)(utf-8-validate@6.0.6):
    optionalDependencies:
      bufferutil: 4.1.0
      utf-8-validate: 6.0.6

  ws@8.18.3(bufferutil@4.1.0)(utf-8-validate@6.0.6):
    optionalDependencies:
      bufferutil: 4.1.0
      utf-8-validate: 6.0.6

  ws@8.20.0(bufferutil@4.1.0)(utf-8-validate@6.0.6):
    optionalDependencies:
      bufferutil: 4.1.0
      utf-8-validate: 6.0.6

  yallist@4.0.0: {}

  zod@3.25.76: {}
